<?xml version="1.0" encoding="utf-8"?>
<Project ToolsVersion="4.0" xmlns="http://schemas.microsoft.com/developer/msbuild/2003">
  <ItemGroup>
    <Filter Include="Source Files">
      <UniqueIdentifier>{4FC737F1-C7A5-4376-A066-2A32D752A2FF}</UniqueIdentifier>
      <Extensions>cpp;c;cc;cxx;def;odl;idl;hpj;bat;asm;asmx</Extensions>
    </Filter>
    <Filter Include="Header Files">
      <UniqueIdentifier>{93995380-89BD-4b04-88EB-625FBE52EBFB}</UniqueIdentifier>
      <Extensions>h;hh;hpp;hxx;hm;inl;inc;xsd</Extensions>
    </Filter>
    <Filter Include="Resource Files">
      <UniqueIdentifier>{67DA6AB6-F800-4c08-8B7A-83BB121AAD01}</UniqueIdentifier>
      <Extensions>rc;ico;cur;bmp;dlg;rc2;rct;bin;rgs;gif;jpg;jpeg;jpe;resx;tiff;tif;png;wav;mfcribbon-ms</Extensions>
    </Filter>
  </ItemGroup>
  <ItemGroup>
    <ClInclude Include="GObject.h">
      <Filter>Header Files</Filter>
    </ClInclude>
    <ClInclude Include="GEntity.h">
      <Filter>Header Files</Filter>
    </ClInclude>
    <ClInclude Include="GWorldSquare.h">
      <Filter>Header Files</Filter>
    </ClInclude>
    <ClInclude Include="GAgent.h">
      <Filter>Header Files</Filter>
    </ClInclude>
    <ClInclude Include="GObstacle.h">
      <Filter>Header Files</Filter>
    </ClInclude>
    <ClInclude Include="GDynamicObstacle.h">
      <Filter>Header Files</Filter>
    </ClInclude>
    <ClInclude Include="GStaticObstacle.h">
      <Filter>Header Files</Filter>
    </ClInclude>
    <ClInclude Include="GEntityManager.h">
      <Filter>Header Files</Filter>
    </ClInclude>
    <ClInclude Include="resource.h">
      <Filter>Header Files</Filter>
    </ClInclude>
    <ClInclude Include="GWorldManager.h">
      <Filter>Header Files</Filter>
    </ClInclude>
  </ItemGroup>
  <ItemGroup>
    <ClCompile Include="GObject.cpp">
      <Filter>Source Files</Filter>
    </ClCompile>
    <ClCompile Include="GEntity.cpp">
      <Filter>Source Files</Filter>
    </ClCompile>
    <ClCompile Include="GWorldSquare.cpp">
      <Filter>Source Files</Filter>
    </ClCompile>
    <ClCompile Include="GAgent.cpp">
      <Filter>Source Files</Filter>
    </ClCompile>
    <ClCompile Include="GObstacle.cpp">
      <Filter>Source Files</Filter>
    </ClCompile>
    <ClCompile Include="GDynamicObstacle.cpp">
      <Filter>Source Files</Filter>
    </ClCompile>
    <ClCompile Include="GStaticObstacle.cpp">
      <Filter>Source Files</Filter>
    </ClCompile>
    <ClCompile Include="GEntityManager.cpp">
      <Filter>Source Files</Filter>
    </ClCompile>
    <ClCompile Include="GWorldManager.cpp">
      <Filter>Source Files</Filter>
    </ClCompile>
  </ItemGroup>
</Project>