<?xml version="1.0" encoding="utf-8"?>
<Project ToolsVersion="4.0" xmlns="http://schemas.microsoft.com/developer/msbuild/2003">
  <ItemGroup>
    <Filter Include="Source Files">
      <UniqueIdentifier>{4FC737F1-C7A5-4376-A066-2A32D752A2FF}</UniqueIdentifier>
      <Extensions>cpp;c;cc;cxx;def;odl;idl;hpj;bat;asm;asmx</Extensions>
    </Filter>
    <Filter Include="Header Files">
      <UniqueIdentifier>{93995380-89BD-4b04-88EB-625FBE52EBFB}</UniqueIdentifier>
      <Extensions>h;hh;hpp;hxx;hm;inl;inc;xsd</Extensions>
    </Filter>
    <Filter Include="Resource Files">
      <UniqueIdentifier>{67DA6AB6-F800-4c08-8B7A-83BB121AAD01}</UniqueIdentifier>
      <Extensions>rc;ico;cur;bmp;dlg;rc2;rct;bin;rgs;gif;jpg;jpeg;jpe;resx;tiff;tif;png;wav;mfcribbon-ms</Extensions>
    </Filter>
    <Filter Include="Managers">
      <UniqueIdentifier>{b015ef8c-b9fe-4f84-a26a-b5f9787f5d4c}</UniqueIdentifier>
    </Filter>
    <Filter Include="Managers\Headers">
      <UniqueIdentifier>{b7ac59c0-db77-4c6b-a54d-4351992a741a}</UniqueIdentifier>
    </Filter>
    <Filter Include="Managers\Source">
      <UniqueIdentifier>{c7e161f5-7462-4501-bde4-f9e1c5086fd7}</UniqueIdentifier>
    </Filter>
    <Filter Include="TinyXML">
      <UniqueIdentifier>{204943ec-0d45-4552-a39a-6e4be35df2c3}</UniqueIdentifier>
    </Filter>
    <Filter Include="Importers">
      <UniqueIdentifier>{1d8093b6-8949-49f5-a189-23c671be1c7b}</UniqueIdentifier>
    </Filter>
    <Filter Include="Importers\Headers">
      <UniqueIdentifier>{50c13c59-86b1-4630-be06-a65db698c0bf}</UniqueIdentifier>
    </Filter>
    <Filter Include="Importers\Source">
      <UniqueIdentifier>{8b5a6417-f7bc-4fc1-86bc-bb8063fb4257}</UniqueIdentifier>
    </Filter>
    <Filter Include="Header Files\Obstacle">
      <UniqueIdentifier>{bea71db2-62fd-46ff-a3ad-34c4a8ba8de3}</UniqueIdentifier>
    </Filter>
    <Filter Include="Source Files\Obstacle">
      <UniqueIdentifier>{6e60af1e-5ba3-4e41-9500-025829b4cb55}</UniqueIdentifier>
    </Filter>
  </ItemGroup>
  <ItemGroup>
    <ClInclude Include="CrowdDynamics.hpp" />
    <ClInclude Include="GAgent.hpp">
      <Filter>Header Files</Filter>
    </ClInclude>
    <ClInclude Include="GEntity.hpp">
      <Filter>Header Files</Filter>
    </ClInclude>
    <ClInclude Include="GObject.hpp">
      <Filter>Header Files</Filter>
    </ClInclude>
    <ClInclude Include="GSceneSquare.hpp">
      <Filter>Header Files</Filter>
    </ClInclude>
    <ClInclude Include="GEntityManager.hpp">
      <Filter>Managers\Headers</Filter>
    </ClInclude>
    <ClInclude Include="GObstacleManager.hpp">
      <Filter>Managers\Headers</Filter>
    </ClInclude>
    <ClInclude Include="GSceneManager.hpp">
      <Filter>Managers\Headers</Filter>
    </ClInclude>
    <ClInclude Include="GInfluenceMap.hpp">
      <Filter>Header Files</Filter>
    </ClInclude>
    <ClInclude Include="GIntPair.hpp">
      <Filter>Header Files</Filter>
    </ClInclude>
    <ClInclude Include="tinyxml.h">
      <Filter>TinyXML</Filter>
    </ClInclude>
    <ClInclude Include="tinystr.h">
      <Filter>TinyXML</Filter>
    </ClInclude>
    <ClInclude Include="Common.hpp" />
    <ClInclude Include="resource.h">
      <Filter>Header Files</Filter>
    </ClInclude>
    <ClInclude Include="GAgentImporter.hpp">
      <Filter>Importers\Headers</Filter>
    </ClInclude>
    <ClInclude Include="GObstacleImporter.hpp">
      <Filter>Importers\Headers</Filter>
    </ClInclude>
    <ClInclude Include="GWorldImporter.hpp">
      <Filter>Importers\Headers</Filter>
    </ClInclude>
    <ClInclude Include="GObstacle.hpp">
      <Filter>Header Files\Obstacle</Filter>
    </ClInclude>
    <ClInclude Include="GObstacleTemplate.hpp">
      <Filter>Header Files\Obstacle</Filter>
    </ClInclude>
    <ClInclude Include="GStaticObstacle.hpp">
      <Filter>Header Files\Obstacle</Filter>
    </ClInclude>
    <ClInclude Include="GDynamicObstacle.hpp">
      <Filter>Header Files\Obstacle</Filter>
    </ClInclude>
  </ItemGroup>
  <ItemGroup>
    <ClCompile Include="GEntityManager.cpp">
      <Filter>Managers\Source</Filter>
    </ClCompile>
    <ClCompile Include="GObstacleManager.cpp">
      <Filter>Managers\Source</Filter>
    </ClCompile>
    <ClCompile Include="GSceneManager.cpp">
      <Filter>Managers\Source</Filter>
    </ClCompile>
    <ClCompile Include="GObject.cpp">
      <Filter>Source Files</Filter>
    </ClCompile>
    <ClCompile Include="GEntity.cpp">
      <Filter>Source Files</Filter>
    </ClCompile>
    <ClCompile Include="GAgent.cpp">
      <Filter>Source Files</Filter>
    </ClCompile>
    <ClCompile Include="GSceneSquare.cpp">
      <Filter>Source Files</Filter>
    </ClCompile>
    <ClCompile Include="GInfluenceMap.cpp">
      <Filter>Source Files</Filter>
    </ClCompile>
    <ClCompile Include="GIntPair.cpp">
      <Filter>Source Files</Filter>
    </ClCompile>
    <ClCompile Include="tinystr.cpp">
      <Filter>TinyXML</Filter>
    </ClCompile>
    <ClCompile Include="tinyxml.cpp">
      <Filter>TinyXML</Filter>
    </ClCompile>
    <ClCompile Include="tinyxmlerror.cpp">
      <Filter>TinyXML</Filter>
    </ClCompile>
    <ClCompile Include="tinyxmlparser.cpp">
      <Filter>TinyXML</Filter>
    </ClCompile>
    <ClCompile Include="GAgentImporter.cpp">
      <Filter>Importers\Source</Filter>
    </ClCompile>
    <ClCompile Include="GObstacleImporter.cpp">
      <Filter>Importers\Source</Filter>
    </ClCompile>
    <ClCompile Include="GWorldImporter.cpp">
      <Filter>Importers\Source</Filter>
    </ClCompile>
    <ClCompile Include="GDynamicObstacle.cpp">
      <Filter>Source Files\Obstacle</Filter>
    </ClCompile>
    <ClCompile Include="GObstacle.cpp">
      <Filter>Source Files\Obstacle</Filter>
    </ClCompile>
    <ClCompile Include="GStaticObstacle.cpp">
      <Filter>Source Files\Obstacle</Filter>
    </ClCompile>
    <ClCompile Include="GObstacleTemplate.cpp">
      <Filter>Source Files\Obstacle</Filter>
    </ClCompile>
  </ItemGroup>
  <ItemGroup>
    <Xml Include="AgentBlueprint1.xml">
      <Filter>Resource Files</Filter>
    </Xml>
    <Xml Include="AgentBlueprint2.xml">
      <Filter>Resource Files</Filter>
    </Xml>
    <Xml Include="WorldBlueprint1.xml">
      <Filter>Resource Files</Filter>
    </Xml>
    <Xml Include="ObstacleBlueprint1.xml">
      <Filter>Resource Files</Filter>
    </Xml>
  </ItemGroup>
</Project>